schema: '2.0'
stages:
  load_data:
    cmd: python src/load_data.py --config=params.yaml
    deps:
    - path: data_given/heart.csv
      hash: md5
      md5: 2f1517b2bcbb7b5cf15335fe45b7b82e
      size: 37980
    - path: src/get_data.py
      hash: md5
      md5: c0f13d1f45d2c80c8598cbd97bf08bb4
      size: 735
    - path: src/load_data.py
      hash: md5
      md5: 0c72ab8998c72d47c190b38d021e9e6a
      size: 608
    outs:
    - path: data/raw/raw_heart.csv
      hash: md5
      md5: 17741fd054677db317bdb4b8336a3c8a
      size: 38337
  split_data:
    cmd: python src/split_data.py --config=params.yaml
    deps:
    - path: data/raw/raw_heart.csv
      hash: md5
      md5: 17741fd054677db317bdb4b8336a3c8a
      size: 38337
    - path: src/split_data.py
      hash: md5
      md5: 82c28e7c8a7564064086e944b3e69927
      size: 1045
    outs:
    - path: data/processed/test.csv
      hash: md5
      md5: c0986d56027166205653cd4cfc232445
      size: 15483
    - path: data/processed/train.csv
      hash: md5
      md5: 3738d14f736eb049276f59999b71b6b9
      size: 23052
  train_and_evaluate:
    cmd: python src/train_and_evaluate.py --config=params.yaml
    deps:
    - path: data/processed/test.csv
      hash: md5
      md5: c0986d56027166205653cd4cfc232445
      size: 15483
    - path: data/processed/train.csv
      hash: md5
      md5: 3738d14f736eb049276f59999b71b6b9
      size: 23052
    - path: src/train_and_evaluate.py
      hash: md5
      md5: 106f2a8e6a0374c90a33938498236c56
      size: 4755
    outs:
    - path: cm.csv
      hash: md5
      md5: a009c2d1a089dd9ced1312dd29f24ad6
      size: 1864
    - path: report/prc.json
      hash: md5
      md5: cee9eff329c450080ec11e2234ef8906
      size: 289
    - path: report/roc.json
      hash: md5
      md5: 238b67d50a5b7ba5f8b57da124ec43d1
      size: 358
    - path: report/scores.json
      hash: md5
      md5: 6607af97a6a209539f8a18b88ac30a9e
      size: 161
    - path: saved_models/model.joblib
      hash: md5
      md5: 4d7919058386fa3f2ab1669a3b0008a9
      size: 1465
